
Microsoft Visual Studio Solution File, Format Version 12.00
# Visual Studio Version 17
VisualStudioVersion = 17.9.34607.119
MinimumVisualStudioVersion = 10.0.40219.1
Project("{9A19103F-16F7-4668-BE54-9A1E7A4F7556}") = "ProxyMity.Teams", "ProxyMity.Teams.csproj", "{1B089EDC-0B58-4F96-AC8C-60A30F067811}"
EndProject
Project("{2150E333-8FDC-42A3-9474-1A3956D46DE8}") = "src", "src", "{5239EFD9-65A9-493A-ACC1-EFFACE5E1335}"
EndProject
Project("{2150E333-8FDC-42A3-9474-1A3956D46DE8}") = "tests", "tests", "{ACD8CBD3-4DAF-4F9C-8060-BE313B25187E}"
EndProject
Global
	GlobalSection(SolutionConfigurationPlatforms) = preSolution
		Debug|Any CPU = Debug|Any CPU
		Release|Any CPU = Release|Any CPU
	EndGlobalSection
	GlobalSection(ProjectConfigurationPlatforms) = postSolution
		{1B089EDC-0B58-4F96-AC8C-60A30F067811}.Debug|Any CPU.ActiveCfg = Debug|Any CPU
		{1B089EDC-0B58-4F96-AC8C-60A30F067811}.Debug|Any CPU.Build.0 = Debug|Any CPU
		{1B089EDC-0B58-4F96-AC8C-60A30F067811}.Release|Any CPU.ActiveCfg = Release|Any CPU
		{1B089EDC-0B58-4F96-AC8C-60A30F067811}.Release|Any CPU.Build.0 = Release|Any CPU
	EndGlobalSection
	GlobalSection(SolutionProperties) = preSolution
		HideSolutionNode = FALSE
	EndGlobalSection
	GlobalSection(NestedProjects) = preSolution
		{1B089EDC-0B58-4F96-AC8C-60A30F067811} = {5239EFD9-65A9-493A-ACC1-EFFACE5E1335}
	EndGlobalSection
	GlobalSection(ExtensibilityGlobals) = postSolution
		SolutionGuid = {789BF56D-E700-4513-8B7C-09A7EEB7DC41}
	EndGlobalSection
EndGlobal
